
Microsoft Visual Studio Solution File, Format Version 12.00
# Visual Studio Version 16
VisualStudioVersion = 16.0.31424.327
MinimumVisualStudioVersion = 10.0.40219.1
Project("{9A19103F-16F7-4668-BE54-9A1E7A4F7556}") = "LedgerCo.Console", "LedgerCoConsole\LedgerCo.Console.csproj", "{2FAC4492-B03C-4B9D-BE5F-0A63B54BAAD2}"
EndProject
Global
	GlobalSection(SolutionConfigurationPlatforms) = preSolution
		Debug|Any CPU = Debug|Any CPU
		Release|Any CPU = Release|Any CPU
	EndGlobalSection
	GlobalSection(ProjectConfigurationPlatforms) = postSolution
		{2FAC4492-B03C-4B9D-BE5F-0A63B54BAAD2}.Debug|Any CPU.ActiveCfg = Debug|Any CPU
		{2FAC4492-B03C-4B9D-BE5F-0A63B54BAAD2}.Debug|Any CPU.Build.0 = Debug|Any CPU
		{2FAC4492-B03C-4B9D-BE5F-0A63B54BAAD2}.Release|Any CPU.ActiveCfg = Release|Any CPU
		{2FAC4492-B03C-4B9D-BE5F-0A63B54BAAD2}.Release|Any CPU.Build.0 = Release|Any CPU
	EndGlobalSection
	GlobalSection(SolutionProperties) = preSolution
		HideSolutionNode = FALSE
	EndGlobalSection
	GlobalSection(ExtensibilityGlobals) = postSolution
		SolutionGuid = {96326504-A238-4A2D-B38E-5005A84C8905}
	EndGlobalSection
EndGlobal
